{
  "name": "smw-code",
  "lockfileVersion": 3,
  "requires": true,
  "packages": {
    "": {
      "dependencies": {
        "lucide-preact": "^0.306.0",
        "react-device-detect": "^2.2.3",
        "zod": "^3.22.4"
      }
    },
    "node_modules/js-tokens": {
      "version": "4.0.0",
      "resolved": "https://registry.npmjs.org/js-tokens/-/js-tokens-4.0.0.tgz",
      "integrity": "sha512-RdJUflcE3cUzKiMqQgsCu06FPu9UdIJO0beYbPhHN4k6apgJtifcoCtT9bcxOpYBtpD2kCM6Sbzg4CausW/PKQ==",
      "peer": true
    },
    "node_modules/loose-envify": {
      "version": "1.4.0",
      "resolved": "https://registry.npmjs.org/loose-envify/-/loose-envify-1.4.0.tgz",
      "integrity": "sha512-lyuxPGr/Wfhrlem2CL/UcnUc1zcqKAImBDzukY7Y5F/yQiNdko6+fRLevlw1HgMySw7f611UIY408EtxRSoK3Q==",
      "peer": true,
      "dependencies": {
        "js-tokens": "^3.0.0 || ^4.0.0"
      },
      "bin": {
        "loose-envify": "cli.js"
      }
    },
    "node_modules/lucide-preact": {
      "version": "0.306.0",
      "resolved": "https://registry.npmjs.org/lucide-preact/-/lucide-preact-0.306.0.tgz",
      "integrity": "sha512-hqN60bBVP8wamugZvacvxW+eWI9/KYs3E4kTA/SMxZQboNXWQ4VBs2ZCmVYFDnb8UYgXbz+d+U3Bzi0g3uV+Yw==",
      "peerDependencies": {
        "preact": "^10.5.13"
      }
    },
    "node_modules/preact": {
      "version": "10.19.3",
      "resolved": "https://registry.npmjs.org/preact/-/preact-10.19.3.tgz",
      "integrity": "sha512-nHHTeFVBTHRGxJXKkKu5hT8C/YWBkPso4/Gad6xuj5dbptt9iF9NZr9pHbPhBrnT2klheu7mHTxTZ/LjwJiEiQ==",
      "peer": true,
      "funding": {
        "type": "opencollective",
        "url": "https://opencollective.com/preact"
      }
    },
    "node_modules/react": {
      "version": "18.2.0",
      "resolved": "https://registry.npmjs.org/react/-/react-18.2.0.tgz",
      "integrity": "sha512-/3IjMdb2L9QbBdWiW5e3P2/npwMBaU9mHCSCUzNln0ZCYbcfTsGbTJrU/kGemdH2IWmB2ioZ+zkxtmq6g09fGQ==",
      "peer": true,
      "dependencies": {
        "loose-envify": "^1.1.0"
      },
      "engines": {
        "node": ">=0.10.0"
      }
    },
    "node_modules/react-device-detect": {
      "version": "2.2.3",
      "resolved": "https://registry.npmjs.org/react-device-detect/-/react-device-detect-2.2.3.tgz",
      "integrity": "sha512-buYY3qrCnQVlIFHrC5UcUoAj7iANs/+srdkwsnNjI7anr3Tt7UY6MqNxtMLlr0tMBied0O49UZVK8XKs3ZIiPw==",
      "dependencies": {
        "ua-parser-js": "^1.0.33"
      },
      "peerDependencies": {
        "react": ">= 0.14.0",
        "react-dom": ">= 0.14.0"
      }
    },
    "node_modules/react-dom": {
      "version": "18.2.0",
      "resolved": "https://registry.npmjs.org/react-dom/-/react-dom-18.2.0.tgz",
      "integrity": "sha512-6IMTriUmvsjHUjNtEDudZfuDQUoWXVxKHhlEGSk81n4YFS+r/Kl99wXiwlVXtPBtJenozv2P+hxDsw9eA7Xo6g==",
      "peer": true,
      "dependencies": {
        "loose-envify": "^1.1.0",
        "scheduler": "^0.23.0"
      },
      "peerDependencies": {
        "react": "^18.2.0"
      }
    },
    "node_modules/scheduler": {
      "version": "0.23.0",
      "resolved": "https://registry.npmjs.org/scheduler/-/scheduler-0.23.0.tgz",
      "integrity": "sha512-CtuThmgHNg7zIZWAXi3AsyIzA3n4xx7aNyjwC2VJldO2LMVDhFK+63xGqq6CsJH4rTAt6/M+N4GhZiDYPx9eUw==",
      "peer": true,
      "dependencies": {
        "loose-envify": "^1.1.0"
      }
    },
    "node_modules/ua-parser-js": {
      "version": "1.0.37",
      "resolved": "https://registry.npmjs.org/ua-parser-js/-/ua-parser-js-1.0.37.tgz",
      "integrity": "sha512-bhTyI94tZofjo+Dn8SN6Zv8nBDvyXTymAdM3LDI/0IboIUwTu1rEhW7v2TfiVsoYWgkQ4kOVqnI8APUFbIQIFQ==",
      "funding": [
        {
          "type": "opencollective",
          "url": "https://opencollective.com/ua-parser-js"
        },
        {
          "type": "paypal",
          "url": "https://paypal.me/faisalman"
        },
        {
          "type": "github",
          "url": "https://github.com/sponsors/faisalman"
        }
      ],
      "engines": {
        "node": "*"
      }
    },
    "node_modules/zod": {
      "version": "3.22.4",
      "resolved": "https://registry.npmjs.org/zod/-/zod-3.22.4.tgz",
      "integrity": "sha512-iC+8Io04lddc+mVqQ9AZ7OQ2MrUKGN+oIQyq1vemgt46jwCwLfhq7/pwnBnNXXXZb8VTVLKwp9EDkx+ryxIWmg==",
      "funding": {
        "url": "https://github.com/sponsors/colinhacks"
      }
    }
  }
}
