{
  "name": "smw-code",
  "lockfileVersion": 3,
  "requires": true,
  "packages": {
    "": {
      "dependencies": {
        "lucide-preact": "^0.306.0",
        "zod": "^3.22.4"
      }
    },
    "node_modules/lucide-preact": {
      "version": "0.306.0",
      "resolved": "https://registry.npmjs.org/lucide-preact/-/lucide-preact-0.306.0.tgz",
      "integrity": "sha512-hqN60bBVP8wamugZvacvxW+eWI9/KYs3E4kTA/SMxZQboNXWQ4VBs2ZCmVYFDnb8UYgXbz+d+U3Bzi0g3uV+Yw==",
      "peerDependencies": {
        "preact": "^10.5.13"
      }
    },
    "node_modules/preact": {
      "version": "10.19.3",
      "resolved": "https://registry.npmjs.org/preact/-/preact-10.19.3.tgz",
      "integrity": "sha512-nHHTeFVBTHRGxJXKkKu5hT8C/YWBkPso4/Gad6xuj5dbptt9iF9NZr9pHbPhBrnT2klheu7mHTxTZ/LjwJiEiQ==",
      "peer": true,
      "funding": {
        "type": "opencollective",
        "url": "https://opencollective.com/preact"
      }
    },
    "node_modules/zod": {
      "version": "3.22.4",
      "resolved": "https://registry.npmjs.org/zod/-/zod-3.22.4.tgz",
      "integrity": "sha512-iC+8Io04lddc+mVqQ9AZ7OQ2MrUKGN+oIQyq1vemgt46jwCwLfhq7/pwnBnNXXXZb8VTVLKwp9EDkx+ryxIWmg==",
      "funding": {
        "url": "https://github.com/sponsors/colinhacks"
      }
    }
  }
}
